
Microsoft Visual Studio Solution File, Format Version 12.00
# Visual Studio Version 16
VisualStudioVersion = 16.0.29001.49
MinimumVisualStudioVersion = 10.0.40219.1
Project("{FAE04EC0-301F-11D3-BF4B-00C04F79EFBC}") = "WPFAlarmClock", "WPFAlarmClock\WPFAlarmClock.csproj", "{1847AAF8-E5E5-40FB-9568-CE8693A97ED4}"
EndProject
Global
	GlobalSection(SolutionConfigurationPlatforms) = preSolution
		Debug|Any CPU = Debug|Any CPU
		Release|Any CPU = Release|Any CPU
	EndGlobalSection
	GlobalSection(ProjectConfigurationPlatforms) = postSolution
		{1847AAF8-E5E5-40FB-9568-CE8693A97ED4}.Debug|Any CPU.ActiveCfg = Debug|Any CPU
		{1847AAF8-E5E5-40FB-9568-CE8693A97ED4}.Debug|Any CPU.Build.0 = Debug|Any CPU
		{1847AAF8-E5E5-40FB-9568-CE8693A97ED4}.Release|Any CPU.ActiveCfg = Release|Any CPU
		{1847AAF8-E5E5-40FB-9568-CE8693A97ED4}.Release|Any CPU.Build.0 = Release|Any CPU
	EndGlobalSection
	GlobalSection(SolutionProperties) = preSolution
		HideSolutionNode = FALSE
	EndGlobalSection
	GlobalSection(ExtensibilityGlobals) = postSolution
		SolutionGuid = {1A851442-F06A-4339-9B81-73D046F03DEE}
	EndGlobalSection
EndGlobal
